
Microsoft Visual Studio Solution File, Format Version 12.00
# Visual Studio Version 16
VisualStudioVersion = 16.0.30114.105
MinimumVisualStudioVersion = 10.0.40219.1
Project("{FAE04EC0-301F-11D3-BF4B-00C04F79EFBC}") = "SimpleCQRS", "SimpleCQRS\SimpleCQRS.csproj", "{ED4DEDFD-2305-419C-A4C7-D044B61855A8}"
EndProject
Project("{FAE04EC0-301F-11D3-BF4B-00C04F79EFBC}") = "CQRSGui", "CQRSGui\CQRSGui.csproj", "{DC5335F6-6ED5-4C83-A3E8-B93CACE0ADFF}"
EndProject
Global
	GlobalSection(SolutionConfigurationPlatforms) = preSolution
		Debug|Any CPU = Debug|Any CPU
		Release|Any CPU = Release|Any CPU
	EndGlobalSection
	GlobalSection(SolutionProperties) = preSolution
		HideSolutionNode = FALSE
	EndGlobalSection
	GlobalSection(ProjectConfigurationPlatforms) = postSolution
		{ED4DEDFD-2305-419C-A4C7-D044B61855A8}.Debug|Any CPU.ActiveCfg = Debug|Any CPU
		{ED4DEDFD-2305-419C-A4C7-D044B61855A8}.Debug|Any CPU.Build.0 = Debug|Any CPU
		{ED4DEDFD-2305-419C-A4C7-D044B61855A8}.Release|Any CPU.ActiveCfg = Release|Any CPU
		{ED4DEDFD-2305-419C-A4C7-D044B61855A8}.Release|Any CPU.Build.0 = Release|Any CPU
		{DC5335F6-6ED5-4C83-A3E8-B93CACE0ADFF}.Debug|Any CPU.ActiveCfg = Debug|Any CPU
		{DC5335F6-6ED5-4C83-A3E8-B93CACE0ADFF}.Debug|Any CPU.Build.0 = Debug|Any CPU
		{DC5335F6-6ED5-4C83-A3E8-B93CACE0ADFF}.Release|Any CPU.ActiveCfg = Release|Any CPU
		{DC5335F6-6ED5-4C83-A3E8-B93CACE0ADFF}.Release|Any CPU.Build.0 = Release|Any CPU
	EndGlobalSection
EndGlobal
